
Microsoft Visual Studio Solution File, Format Version 12.00
# Visual Studio 14
VisualStudioVersion = 14.0.25420.1
MinimumVisualStudioVersion = 10.0.40219.1
Project("{FAE04EC0-301F-11D3-BF4B-00C04F79EFBC}") = "StateStreet.Entities", "StateStreet.Entities\StateStreet.Entities.csproj", "{95FE3306-13C6-4402-861B-228211717EAF}"
EndProject
Project("{FAE04EC0-301F-11D3-BF4B-00C04F79EFBC}") = "StateStreet.Services", "StateStreet.Services\StateStreet.Services.csproj", "{06660A5C-694B-4B3B-8B52-82D3475B1309}"
EndProject
Project("{FAE04EC0-301F-11D3-BF4B-00C04F79EFBC}") = "StateStreet.Models", "StateStreet.Models\StateStreet.Models.csproj", "{8F72A388-AA7F-4281-9347-49746DFD46DF}"
EndProject
Project("{FAE04EC0-301F-11D3-BF4B-00C04F79EFBC}") = "StateStreet.ConsoleApp", "StateStreet.ConsoleApp\StateStreet.ConsoleApp.csproj", "{B6D1C35E-2DF0-4A7B-BDE6-FB2B7F0D56F3}"
EndProject
Global
	GlobalSection(SolutionConfigurationPlatforms) = preSolution
		Debug|Any CPU = Debug|Any CPU
		Release|Any CPU = Release|Any CPU
	EndGlobalSection
	GlobalSection(ProjectConfigurationPlatforms) = postSolution
		{95FE3306-13C6-4402-861B-228211717EAF}.Debug|Any CPU.ActiveCfg = Debug|Any CPU
		{95FE3306-13C6-4402-861B-228211717EAF}.Debug|Any CPU.Build.0 = Debug|Any CPU
		{95FE3306-13C6-4402-861B-228211717EAF}.Release|Any CPU.ActiveCfg = Release|Any CPU
		{95FE3306-13C6-4402-861B-228211717EAF}.Release|Any CPU.Build.0 = Release|Any CPU
		{06660A5C-694B-4B3B-8B52-82D3475B1309}.Debug|Any CPU.ActiveCfg = Debug|Any CPU
		{06660A5C-694B-4B3B-8B52-82D3475B1309}.Debug|Any CPU.Build.0 = Debug|Any CPU
		{06660A5C-694B-4B3B-8B52-82D3475B1309}.Release|Any CPU.ActiveCfg = Release|Any CPU
		{06660A5C-694B-4B3B-8B52-82D3475B1309}.Release|Any CPU.Build.0 = Release|Any CPU
		{8F72A388-AA7F-4281-9347-49746DFD46DF}.Debug|Any CPU.ActiveCfg = Debug|Any CPU
		{8F72A388-AA7F-4281-9347-49746DFD46DF}.Debug|Any CPU.Build.0 = Debug|Any CPU
		{8F72A388-AA7F-4281-9347-49746DFD46DF}.Release|Any CPU.ActiveCfg = Release|Any CPU
		{8F72A388-AA7F-4281-9347-49746DFD46DF}.Release|Any CPU.Build.0 = Release|Any CPU
		{B6D1C35E-2DF0-4A7B-BDE6-FB2B7F0D56F3}.Debug|Any CPU.ActiveCfg = Debug|Any CPU
		{B6D1C35E-2DF0-4A7B-BDE6-FB2B7F0D56F3}.Debug|Any CPU.Build.0 = Debug|Any CPU
		{B6D1C35E-2DF0-4A7B-BDE6-FB2B7F0D56F3}.Release|Any CPU.ActiveCfg = Release|Any CPU
		{B6D1C35E-2DF0-4A7B-BDE6-FB2B7F0D56F3}.Release|Any CPU.Build.0 = Release|Any CPU
	EndGlobalSection
	GlobalSection(SolutionProperties) = preSolution
		HideSolutionNode = FALSE
	EndGlobalSection
EndGlobal
